
Microsoft Visual Studio Solution File, Format Version 12.00
# Visual Studio Version 17
VisualStudioVersion = 17.3.32825.248
MinimumVisualStudioVersion = 10.0.40219.1
Project("{FAE04EC0-301F-11D3-BF4B-00C04F79EFBC}") = "EntityFrameworkIntro", "EntityFrameworkIntro\EntityFrameworkIntro.csproj", "{3B831BC0-F2A0-4B53-8EEA-3F6251C06C4D}"
EndProject
Global
	GlobalSection(SolutionConfigurationPlatforms) = preSolution
		Debug|Any CPU = Debug|Any CPU
		Release|Any CPU = Release|Any CPU
	EndGlobalSection
	GlobalSection(ProjectConfigurationPlatforms) = postSolution
		{3B831BC0-F2A0-4B53-8EEA-3F6251C06C4D}.Debug|Any CPU.ActiveCfg = Debug|Any CPU
		{3B831BC0-F2A0-4B53-8EEA-3F6251C06C4D}.Debug|Any CPU.Build.0 = Debug|Any CPU
		{3B831BC0-F2A0-4B53-8EEA-3F6251C06C4D}.Release|Any CPU.ActiveCfg = Release|Any CPU
		{3B831BC0-F2A0-4B53-8EEA-3F6251C06C4D}.Release|Any CPU.Build.0 = Release|Any CPU
	EndGlobalSection
	GlobalSection(SolutionProperties) = preSolution
		HideSolutionNode = FALSE
	EndGlobalSection
	GlobalSection(ExtensibilityGlobals) = postSolution
		SolutionGuid = {3A7C63A9-0767-40FE-A9EE-A314A3821B64}
	EndGlobalSection
EndGlobal
